
Microsoft Visual Studio Solution File, Format Version 12.00
# Visual Studio Version 17
VisualStudioVersion = 17.0.31903.59
MinimumVisualStudioVersion = 10.0.40219.1
Project("{8BC9CEB8-8B4A-11D0-8D11-00A0C91BC942}") = "AStarDemoLib", "AStarDemoLib\AStarDemoLib.vcxproj", "{4984905F-ADB3-4E5E-9F6E-DDCF40BEAC6C}"
EndProject
Project("{8BC9CEB8-8B4A-11D0-8D11-00A0C91BC942}") = "AStarDemo", "AStarDemo\AStarDemo.vcxproj", "{756E5253-BED5-417A-8EB8-817E0D79EA5A}"
EndProject
Project("{8BC9CEB8-8B4A-11D0-8D11-00A0C91BC942}") = "AStarDemoLibTests", "AStarDemoLibTests\AStarDemoLibTests.vcxproj", "{0A8059E9-D187-4CF0-A856-ADEF720703D1}"
EndProject
Global
	GlobalSection(SolutionConfigurationPlatforms) = preSolution
		Debug|x64 = Debug|x64
		Debug|x86 = Debug|x86
		Release|x64 = Release|x64
		Release|x86 = Release|x86
	EndGlobalSection
	GlobalSection(ProjectConfigurationPlatforms) = postSolution
		{4984905F-ADB3-4E5E-9F6E-DDCF40BEAC6C}.Debug|x64.ActiveCfg = Debug|x64
		{4984905F-ADB3-4E5E-9F6E-DDCF40BEAC6C}.Debug|x64.Build.0 = Debug|x64
		{4984905F-ADB3-4E5E-9F6E-DDCF40BEAC6C}.Debug|x86.ActiveCfg = Debug|Win32
		{4984905F-ADB3-4E5E-9F6E-DDCF40BEAC6C}.Debug|x86.Build.0 = Debug|Win32
		{4984905F-ADB3-4E5E-9F6E-DDCF40BEAC6C}.Release|x64.ActiveCfg = Release|x64
		{4984905F-ADB3-4E5E-9F6E-DDCF40BEAC6C}.Release|x64.Build.0 = Release|x64
		{4984905F-ADB3-4E5E-9F6E-DDCF40BEAC6C}.Release|x86.ActiveCfg = Release|Win32
		{4984905F-ADB3-4E5E-9F6E-DDCF40BEAC6C}.Release|x86.Build.0 = Release|Win32
		{756E5253-BED5-417A-8EB8-817E0D79EA5A}.Debug|x64.ActiveCfg = Debug|x64
		{756E5253-BED5-417A-8EB8-817E0D79EA5A}.Debug|x64.Build.0 = Debug|x64
		{756E5253-BED5-417A-8EB8-817E0D79EA5A}.Debug|x64.Deploy.0 = Debug|x64
		{756E5253-BED5-417A-8EB8-817E0D79EA5A}.Debug|x86.ActiveCfg = Debug|Win32
		{756E5253-BED5-417A-8EB8-817E0D79EA5A}.Debug|x86.Build.0 = Debug|Win32
		{756E5253-BED5-417A-8EB8-817E0D79EA5A}.Debug|x86.Deploy.0 = Debug|Win32
		{756E5253-BED5-417A-8EB8-817E0D79EA5A}.Release|x64.ActiveCfg = Release|x64
		{756E5253-BED5-417A-8EB8-817E0D79EA5A}.Release|x64.Build.0 = Release|x64
		{756E5253-BED5-417A-8EB8-817E0D79EA5A}.Release|x64.Deploy.0 = Release|x64
		{756E5253-BED5-417A-8EB8-817E0D79EA5A}.Release|x86.ActiveCfg = Release|Win32
		{756E5253-BED5-417A-8EB8-817E0D79EA5A}.Release|x86.Build.0 = Release|Win32
		{756E5253-BED5-417A-8EB8-817E0D79EA5A}.Release|x86.Deploy.0 = Release|Win32
		{0A8059E9-D187-4CF0-A856-ADEF720703D1}.Debug|x64.ActiveCfg = Debug|x64
		{0A8059E9-D187-4CF0-A856-ADEF720703D1}.Debug|x64.Build.0 = Debug|x64
		{0A8059E9-D187-4CF0-A856-ADEF720703D1}.Debug|x86.ActiveCfg = Debug|Win32
		{0A8059E9-D187-4CF0-A856-ADEF720703D1}.Debug|x86.Build.0 = Debug|Win32
		{0A8059E9-D187-4CF0-A856-ADEF720703D1}.Release|x64.ActiveCfg = Release|x64
		{0A8059E9-D187-4CF0-A856-ADEF720703D1}.Release|x64.Build.0 = Release|x64
		{0A8059E9-D187-4CF0-A856-ADEF720703D1}.Release|x86.ActiveCfg = Release|Win32
		{0A8059E9-D187-4CF0-A856-ADEF720703D1}.Release|x86.Build.0 = Release|Win32
	EndGlobalSection
	GlobalSection(SolutionProperties) = preSolution
		HideSolutionNode = FALSE
	EndGlobalSection
	GlobalSection(ExtensibilityGlobals) = postSolution
		SolutionGuid = {219E9EB3-728B-43A8-8141-87B466F1F51D}
	EndGlobalSection
EndGlobal
